// !$*UTF8*$!
{
	archiveVersion = 1;
	classes = {
	};
	objectVersion = 46;
	objects = {

/* Begin PBXBuildFile section */
		2F58290B1DF4A54C0033C3D4 /* JustPromisesSwift_iOS.framework in Frameworks */ = {isa = PBXBuildFile; fileRef = 2F5829021DF4A54B0033C3D4 /* JustPromisesSwift_iOS.framework */; };
		2F5829341DF4A5CF0033C3D4 /* JustPromisesSwift_tvOS.framework in Frameworks */ = {isa = PBXBuildFile; fileRef = 2F58292B1DF4A5CF0033C3D4 /* JustPromisesSwift_tvOS.framework */; };
		2F5829501DF4A6040033C3D4 /* JustPromisesSwift_macOS.framework in Frameworks */ = {isa = PBXBuildFile; fileRef = 2F5829471DF4A6040033C3D4 /* JustPromisesSwift_macOS.framework */; };
		2F58297E1DF4A7F20033C3D4 /* JustPromisesSwift_iOS.h in Headers */ = {isa = PBXBuildFile; fileRef = 2F5829671DF4A7DE0033C3D4 /* JustPromisesSwift_iOS.h */; settings = {ATTRIBUTES = (Public, ); }; };
		2F58297F1DF4A7F80033C3D4 /* JustPromisesSwift_iOSPromiseTests.swift in Sources */ = {isa = PBXBuildFile; fileRef = 2F58296A1DF4A7DE0033C3D4 /* JustPromisesSwift_iOSPromiseTests.swift */; };
		2F5829801DF4A8040033C3D4 /* JustPromisesSwift_macOS.h in Headers */ = {isa = PBXBuildFile; fileRef = 2F58296E1DF4A7DE0033C3D4 /* JustPromisesSwift_macOS.h */; settings = {ATTRIBUTES = (Public, ); }; };
		2F5829811DF4A80A0033C3D4 /* JustPromisesSwift_macOSPromiseTests.swift in Sources */ = {isa = PBXBuildFile; fileRef = 2F5829711DF4A7DE0033C3D4 /* JustPromisesSwift_macOSPromiseTests.swift */; };
		2F5829821DF4A8110033C3D4 /* JustPromisesSwift_tvOS.h in Headers */ = {isa = PBXBuildFile; fileRef = 2F5829751DF4A7DE0033C3D4 /* JustPromisesSwift_tvOS.h */; settings = {ATTRIBUTES = (Public, ); }; };
		2F5829831DF4A8150033C3D4 /* JustPromisesSwift_tvOSPromiseTests.swift in Sources */ = {isa = PBXBuildFile; fileRef = 2F5829781DF4A7DE0033C3D4 /* JustPromisesSwift_tvOSPromiseTests.swift */; };
		2F5829841DF4A81D0033C3D4 /* JustPromisesSwift_watchOS.h in Headers */ = {isa = PBXBuildFile; fileRef = 2F58297C1DF4A7DE0033C3D4 /* JustPromisesSwift_watchOS.h */; settings = {ATTRIBUTES = (Public, ); }; };
		2F5829851DF4A8280033C3D4 /* AsyncOperation.swift in Sources */ = {isa = PBXBuildFile; fileRef = 2F5829611DF4A7DE0033C3D4 /* AsyncOperation.swift */; };
		2F5829861DF4A8280033C3D4 /* Promise.swift in Sources */ = {isa = PBXBuildFile; fileRef = 2F5829621DF4A7DE0033C3D4 /* Promise.swift */; };
		2F5829871DF4A8290033C3D4 /* AsyncOperation.swift in Sources */ = {isa = PBXBuildFile; fileRef = 2F5829611DF4A7DE0033C3D4 /* AsyncOperation.swift */; };
		2F5829881DF4A8290033C3D4 /* Promise.swift in Sources */ = {isa = PBXBuildFile; fileRef = 2F5829621DF4A7DE0033C3D4 /* Promise.swift */; };
		2F5829891DF4A82B0033C3D4 /* AsyncOperation.swift in Sources */ = {isa = PBXBuildFile; fileRef = 2F5829611DF4A7DE0033C3D4 /* AsyncOperation.swift */; };
		2F58298A1DF4A82B0033C3D4 /* Promise.swift in Sources */ = {isa = PBXBuildFile; fileRef = 2F5829621DF4A7DE0033C3D4 /* Promise.swift */; };
		2F58298B1DF4A82C0033C3D4 /* AsyncOperation.swift in Sources */ = {isa = PBXBuildFile; fileRef = 2F5829611DF4A7DE0033C3D4 /* AsyncOperation.swift */; };
		2F58298C1DF4A82C0033C3D4 /* Promise.swift in Sources */ = {isa = PBXBuildFile; fileRef = 2F5829621DF4A7DE0033C3D4 /* Promise.swift */; };
		4F74B0E91B47CF6500595442 /* AppDelegate.m in Sources */ = {isa = PBXBuildFile; fileRef = 4F74B0E31B47CF6500595442 /* AppDelegate.m */; };
		4F74B0EA1B47CF6500595442 /* LaunchScreen.xib in Resources */ = {isa = PBXBuildFile; fileRef = 4F74B0E41B47CF6500595442 /* LaunchScreen.xib */; };
		4F74B0ED1B47CF6500595442 /* main.m in Sources */ = {isa = PBXBuildFile; fileRef = 4F74B0E81B47CF6500595442 /* main.m */; };
		4F74B0F01B47CFD100595442 /* JEDemoExamples.m in Sources */ = {isa = PBXBuildFile; fileRef = 4F74B0EF1B47CFD100595442 /* JEDemoExamples.m */; };
		4F74B0F11B47D03C00595442 /* JustPromises.framework in Frameworks */ = {isa = PBXBuildFile; fileRef = 4FBCFFDE1B46DC9F007BD426 /* JustPromises.framework */; };
		4FBC00041B46DCE2007BD426 /* JEFuture.h in Headers */ = {isa = PBXBuildFile; fileRef = 4FBCFFFE1B46DCE2007BD426 /* JEFuture.h */; };
		4FBC00051B46DCE2007BD426 /* JEFuture.m in Sources */ = {isa = PBXBuildFile; fileRef = 4FBCFFFF1B46DCE2007BD426 /* JEFuture.m */; };
		4FBC00061B46DCE2007BD426 /* JEProgress.h in Headers */ = {isa = PBXBuildFile; fileRef = 4FBC00001B46DCE2007BD426 /* JEProgress.h */; };
		4FBC00071B46DCE2007BD426 /* JEProgress.m in Sources */ = {isa = PBXBuildFile; fileRef = 4FBC00011B46DCE2007BD426 /* JEProgress.m */; };
		4FBC00081B46DCE2007BD426 /* JustPromises.h in Headers */ = {isa = PBXBuildFile; fileRef = 4FBC00021B46DCE2007BD426 /* JustPromises.h */; };
		4FBC000E1B46DD1B007BD426 /* JEFutureTests.m in Sources */ = {isa = PBXBuildFile; fileRef = 4FBC000B1B46DD1B007BD426 /* JEFutureTests.m */; };
		4FBC000F1B46DD1B007BD426 /* JEProgressTests.m in Sources */ = {isa = PBXBuildFile; fileRef = 4FBC000C1B46DD1B007BD426 /* JEProgressTests.m */; };
		4FBCFFE81B46DC9F007BD426 /* JustPromises.framework in Frameworks */ = {isa = PBXBuildFile; fileRef = 4FBCFFDE1B46DC9F007BD426 /* JustPromises.framework */; };
		4FCF53A01B47F5480025D30D /* JEFuture+JEDotNotation.h in Headers */ = {isa = PBXBuildFile; fileRef = 4FCF539E1B47F5480025D30D /* JEFuture+JEDotNotation.h */; };
		4FCF53A11B47F5480025D30D /* JEFuture+JEDotNotation.m in Sources */ = {isa = PBXBuildFile; fileRef = 4FCF539F1B47F5480025D30D /* JEFuture+JEDotNotation.m */; };
		4FCF53A31B47F5820025D30D /* JEFuture_DotNotationTests.m in Sources */ = {isa = PBXBuildFile; fileRef = 4FCF53A21B47F5820025D30D /* JEFuture_DotNotationTests.m */; };
		B1FA8F9D1E4DD5FF00D217DB /* JustPromisesSwift_iOSArrayTests.swift in Sources */ = {isa = PBXBuildFile; fileRef = B1FA8F9C1E4DD5FF00D217DB /* JustPromisesSwift_iOSArrayTests.swift */; };
		B1FA8F9F1E4DE17D00D217DB /* JustPromisesSwift_macOSArrayTests.swift in Sources */ = {isa = PBXBuildFile; fileRef = B1FA8F9E1E4DE17D00D217DB /* JustPromisesSwift_macOSArrayTests.swift */; };
		B1FA8FA11E4DE29800D217DB /* JustPromisesSwift_tvOSArrayTests.swift in Sources */ = {isa = PBXBuildFile; fileRef = B1FA8FA01E4DE29800D217DB /* JustPromisesSwift_tvOSArrayTests.swift */; };
/* End PBXBuildFile section */

/* Begin PBXContainerItemProxy section */
		2F58290C1DF4A54C0033C3D4 /* PBXContainerItemProxy */ = {
			isa = PBXContainerItemProxy;
			containerPortal = 72E1F6B51A275A0A00F2DB7F /* Project object */;
			proxyType = 1;
			remoteGlobalIDString = 2F5829011DF4A54B0033C3D4;
			remoteInfo = JustPromisesSwift_iOS;
		};
		2F5829351DF4A5CF0033C3D4 /* PBXContainerItemProxy */ = {
			isa = PBXContainerItemProxy;
			containerPortal = 72E1F6B51A275A0A00F2DB7F /* Project object */;
			proxyType = 1;
			remoteGlobalIDString = 2F58292A1DF4A5CF0033C3D4;
			remoteInfo = JustPromisesSwift_tvOS;
		};
		2F5829511DF4A6040033C3D4 /* PBXContainerItemProxy */ = {
			isa = PBXContainerItemProxy;
			containerPortal = 72E1F6B51A275A0A00F2DB7F /* Project object */;
			proxyType = 1;
			remoteGlobalIDString = 2F5829461DF4A6040033C3D4;
			remoteInfo = JustPromisesSwift_macOS;
		};
		4FBCFFE91B46DC9F007BD426 /* PBXContainerItemProxy */ = {
			isa = PBXContainerItemProxy;
			containerPortal = 72E1F6B51A275A0A00F2DB7F /* Project object */;
			proxyType = 1;
			remoteGlobalIDString = 4FBCFFDD1B46DC9F007BD426;
			remoteInfo = JustPromises;
		};
/* End PBXContainerItemProxy section */

/* Begin PBXFileReference section */
		2F5829021DF4A54B0033C3D4 /* JustPromisesSwift_iOS.framework */ = {isa = PBXFileReference; explicitFileType = wrapper.framework; includeInIndex = 0; path = JustPromisesSwift_iOS.framework; sourceTree = BUILT_PRODUCTS_DIR; };
		2F58290A1DF4A54B0033C3D4 /* JustPromisesSwift_iOSTests.xctest */ = {isa = PBXFileReference; explicitFileType = wrapper.cfbundle; includeInIndex = 0; path = JustPromisesSwift_iOSTests.xctest; sourceTree = BUILT_PRODUCTS_DIR; };
		2F58291E1DF4A58D0033C3D4 /* JustPromisesSwift_watchOS.framework */ = {isa = PBXFileReference; explicitFileType = wrapper.framework; includeInIndex = 0; path = JustPromisesSwift_watchOS.framework; sourceTree = BUILT_PRODUCTS_DIR; };
		2F58292B1DF4A5CF0033C3D4 /* JustPromisesSwift_tvOS.framework */ = {isa = PBXFileReference; explicitFileType = wrapper.framework; includeInIndex = 0; path = JustPromisesSwift_tvOS.framework; sourceTree = BUILT_PRODUCTS_DIR; };
		2F5829331DF4A5CF0033C3D4 /* JustPromisesSwift_tvOSTests.xctest */ = {isa = PBXFileReference; explicitFileType = wrapper.cfbundle; includeInIndex = 0; path = JustPromisesSwift_tvOSTests.xctest; sourceTree = BUILT_PRODUCTS_DIR; };
		2F5829471DF4A6040033C3D4 /* JustPromisesSwift_macOS.framework */ = {isa = PBXFileReference; explicitFileType = wrapper.framework; includeInIndex = 0; path = JustPromisesSwift_macOS.framework; sourceTree = BUILT_PRODUCTS_DIR; };
		2F58294F1DF4A6040033C3D4 /* JustPromisesSwift_macOSTests.xctest */ = {isa = PBXFileReference; explicitFileType = wrapper.cfbundle; includeInIndex = 0; path = JustPromisesSwift_macOSTests.xctest; sourceTree = BUILT_PRODUCTS_DIR; };
		2F58295F1DF4A7DE0033C3D4 /* Example.playground */ = {isa = PBXFileReference; lastKnownFileType = file.playground; path = Example.playground; sourceTree = "<group>"; };
		2F5829611DF4A7DE0033C3D4 /* AsyncOperation.swift */ = {isa = PBXFileReference; lastKnownFileType = sourcecode.swift; path = AsyncOperation.swift; sourceTree = "<group>"; };
		2F5829621DF4A7DE0033C3D4 /* Promise.swift */ = {isa = PBXFileReference; lastKnownFileType = sourcecode.swift; path = Promise.swift; sourceTree = "<group>"; };
		2F5829661DF4A7DE0033C3D4 /* Info.plist */ = {isa = PBXFileReference; lastKnownFileType = text.plist.xml; path = Info.plist; sourceTree = "<group>"; };
		2F5829671DF4A7DE0033C3D4 /* JustPromisesSwift_iOS.h */ = {isa = PBXFileReference; lastKnownFileType = sourcecode.c.h; path = JustPromisesSwift_iOS.h; sourceTree = "<group>"; };
		2F5829691DF4A7DE0033C3D4 /* Info.plist */ = {isa = PBXFileReference; lastKnownFileType = text.plist.xml; path = Info.plist; sourceTree = "<group>"; };
		2F58296A1DF4A7DE0033C3D4 /* JustPromisesSwift_iOSPromiseTests.swift */ = {isa = PBXFileReference; lastKnownFileType = sourcecode.swift; path = JustPromisesSwift_iOSPromiseTests.swift; sourceTree = "<group>"; };
		2F58296D1DF4A7DE0033C3D4 /* Info.plist */ = {isa = PBXFileReference; lastKnownFileType = text.plist.xml; path = Info.plist; sourceTree = "<group>"; };
		2F58296E1DF4A7DE0033C3D4 /* JustPromisesSwift_macOS.h */ = {isa = PBXFileReference; lastKnownFileType = sourcecode.c.h; path = JustPromisesSwift_macOS.h; sourceTree = "<group>"; };
		2F5829701DF4A7DE0033C3D4 /* Info.plist */ = {isa = PBXFileReference; lastKnownFileType = text.plist.xml; path = Info.plist; sourceTree = "<group>"; };
		2F5829711DF4A7DE0033C3D4 /* JustPromisesSwift_macOSPromiseTests.swift */ = {isa = PBXFileReference; lastKnownFileType = sourcecode.swift; path = JustPromisesSwift_macOSPromiseTests.swift; sourceTree = "<group>"; };
		2F5829741DF4A7DE0033C3D4 /* Info.plist */ = {isa = PBXFileReference; lastKnownFileType = text.plist.xml; path = Info.plist; sourceTree = "<group>"; };
		2F5829751DF4A7DE0033C3D4 /* JustPromisesSwift_tvOS.h */ = {isa = PBXFileReference; lastKnownFileType = sourcecode.c.h; path = JustPromisesSwift_tvOS.h; sourceTree = "<group>"; };
		2F5829771DF4A7DE0033C3D4 /* Info.plist */ = {isa = PBXFileReference; lastKnownFileType = text.plist.xml; path = Info.plist; sourceTree = "<group>"; };
		2F5829781DF4A7DE0033C3D4 /* JustPromisesSwift_tvOSPromiseTests.swift */ = {isa = PBXFileReference; lastKnownFileType = sourcecode.swift; path = JustPromisesSwift_tvOSPromiseTests.swift; sourceTree = "<group>"; };
		2F58297B1DF4A7DE0033C3D4 /* Info.plist */ = {isa = PBXFileReference; lastKnownFileType = text.plist.xml; path = Info.plist; sourceTree = "<group>"; };
		2F58297C1DF4A7DE0033C3D4 /* JustPromisesSwift_watchOS.h */ = {isa = PBXFileReference; lastKnownFileType = sourcecode.c.h; path = JustPromisesSwift_watchOS.h; sourceTree = "<group>"; };
		4F35A55B1A6FBD15008B3A04 /* JustPromises.podspec */ = {isa = PBXFileReference; lastKnownFileType = text; path = JustPromises.podspec; sourceTree = "<group>"; };
		4F74B0AE1B47CD0300595442 /* JustPromisesDEMO.app */ = {isa = PBXFileReference; explicitFileType = wrapper.application; includeInIndex = 0; path = JustPromisesDEMO.app; sourceTree = BUILT_PRODUCTS_DIR; };
		4F74B0E21B47CF6500595442 /* AppDelegate.h */ = {isa = PBXFileReference; fileEncoding = 4; lastKnownFileType = sourcecode.c.h; path = AppDelegate.h; sourceTree = "<group>"; };
		4F74B0E31B47CF6500595442 /* AppDelegate.m */ = {isa = PBXFileReference; fileEncoding = 4; lastKnownFileType = sourcecode.c.objc; path = AppDelegate.m; sourceTree = "<group>"; };
		4F74B0E51B47CF6500595442 /* Base */ = {isa = PBXFileReference; lastKnownFileType = file.xib; name = Base; path = Base.lproj/LaunchScreen.xib; sourceTree = "<group>"; };
		4F74B0E71B47CF6500595442 /* Info.plist */ = {isa = PBXFileReference; fileEncoding = 4; lastKnownFileType = text.plist.xml; path = Info.plist; sourceTree = "<group>"; };
		4F74B0E81B47CF6500595442 /* main.m */ = {isa = PBXFileReference; fileEncoding = 4; lastKnownFileType = sourcecode.c.objc; path = main.m; sourceTree = "<group>"; };
		4F74B0EE1B47CFD100595442 /* JEDemoExamples.h */ = {isa = PBXFileReference; fileEncoding = 4; lastKnownFileType = sourcecode.c.h; path = JEDemoExamples.h; sourceTree = "<group>"; };
		4F74B0EF1B47CFD100595442 /* JEDemoExamples.m */ = {isa = PBXFileReference; fileEncoding = 4; lastKnownFileType = sourcecode.c.objc; path = JEDemoExamples.m; sourceTree = "<group>"; };
		4F8D5A5A1A7104FF004179C0 /* LICENSE */ = {isa = PBXFileReference; lastKnownFileType = text; path = LICENSE; sourceTree = "<group>"; };
		4F8D5A5B1A7104FF004179C0 /* README.md */ = {isa = PBXFileReference; lastKnownFileType = net.daringfireball.markdown; path = README.md; sourceTree = "<group>"; };
		4FBC00001B46DCE2007BD426 /* JEProgress.h */ = {isa = PBXFileReference; fileEncoding = 4; lastKnownFileType = sourcecode.c.h; path = JEProgress.h; sourceTree = "<group>"; };
		4FBC00011B46DCE2007BD426 /* JEProgress.m */ = {isa = PBXFileReference; fileEncoding = 4; lastKnownFileType = sourcecode.c.objc; path = JEProgress.m; sourceTree = "<group>"; };
		4FBC00021B46DCE2007BD426 /* JustPromises.h */ = {isa = PBXFileReference; fileEncoding = 4; lastKnownFileType = sourcecode.c.h; path = JustPromises.h; sourceTree = "<group>"; };
		4FBC000A1B46DD1B007BD426 /* Info.plist */ = {isa = PBXFileReference; fileEncoding = 4; lastKnownFileType = text.plist.xml; path = Info.plist; sourceTree = "<group>"; };
		4FBC000B1B46DD1B007BD426 /* JEFutureTests.m */ = {isa = PBXFileReference; fileEncoding = 4; lastKnownFileType = sourcecode.c.objc; path = JEFutureTests.m; sourceTree = "<group>"; };
		4FBC000C1B46DD1B007BD426 /* JEProgressTests.m */ = {isa = PBXFileReference; fileEncoding = 4; lastKnownFileType = sourcecode.c.objc; path = JEProgressTests.m; sourceTree = "<group>"; };
		4FBCFFDE1B46DC9F007BD426 /* JustPromises.framework */ = {isa = PBXFileReference; explicitFileType = wrapper.framework; includeInIndex = 0; path = JustPromises.framework; sourceTree = BUILT_PRODUCTS_DIR; };
		4FBCFFE71B46DC9F007BD426 /* JustPromisesTests.xctest */ = {isa = PBXFileReference; explicitFileType = wrapper.cfbundle; includeInIndex = 0; path = JustPromisesTests.xctest; sourceTree = BUILT_PRODUCTS_DIR; };
		4FBCFFFD1B46DCE2007BD426 /* Info.plist */ = {isa = PBXFileReference; fileEncoding = 4; lastKnownFileType = text.plist.xml; path = Info.plist; sourceTree = "<group>"; };
		4FBCFFFE1B46DCE2007BD426 /* JEFuture.h */ = {isa = PBXFileReference; fileEncoding = 4; lastKnownFileType = sourcecode.c.h; path = JEFuture.h; sourceTree = "<group>"; };
		4FBCFFFF1B46DCE2007BD426 /* JEFuture.m */ = {isa = PBXFileReference; fileEncoding = 4; lastKnownFileType = sourcecode.c.objc; path = JEFuture.m; sourceTree = "<group>"; };
		4FCF539E1B47F5480025D30D /* JEFuture+JEDotNotation.h */ = {isa = PBXFileReference; fileEncoding = 4; lastKnownFileType = sourcecode.c.h; path = "JEFuture+JEDotNotation.h"; sourceTree = "<group>"; };
		4FCF539F1B47F5480025D30D /* JEFuture+JEDotNotation.m */ = {isa = PBXFileReference; fileEncoding = 4; lastKnownFileType = sourcecode.c.objc; path = "JEFuture+JEDotNotation.m"; sourceTree = "<group>"; };
		4FCF53A21B47F5820025D30D /* JEFuture_DotNotationTests.m */ = {isa = PBXFileReference; fileEncoding = 4; lastKnownFileType = sourcecode.c.objc; path = JEFuture_DotNotationTests.m; sourceTree = "<group>"; };
		B13CA05B1DD0D81900E4F710 /* README_ObjC.md */ = {isa = PBXFileReference; lastKnownFileType = net.daringfireball.markdown; path = README_ObjC.md; sourceTree = "<group>"; };
		B13CA05C1DD0D82C00E4F710 /* README_Swift.md */ = {isa = PBXFileReference; lastKnownFileType = net.daringfireball.markdown; path = README_Swift.md; sourceTree = "<group>"; };
		B1FA8F9C1E4DD5FF00D217DB /* JustPromisesSwift_iOSArrayTests.swift */ = {isa = PBXFileReference; fileEncoding = 4; lastKnownFileType = sourcecode.swift; path = JustPromisesSwift_iOSArrayTests.swift; sourceTree = "<group>"; };
		B1FA8F9E1E4DE17D00D217DB /* JustPromisesSwift_macOSArrayTests.swift */ = {isa = PBXFileReference; fileEncoding = 4; lastKnownFileType = sourcecode.swift; path = JustPromisesSwift_macOSArrayTests.swift; sourceTree = "<group>"; };
		B1FA8FA01E4DE29800D217DB /* JustPromisesSwift_tvOSArrayTests.swift */ = {isa = PBXFileReference; fileEncoding = 4; lastKnownFileType = sourcecode.swift; path = JustPromisesSwift_tvOSArrayTests.swift; sourceTree = "<group>"; };
/* End PBXFileReference section */

/* Begin PBXFrameworksBuildPhase section */
		2F5828FE1DF4A54B0033C3D4 /* Frameworks */ = {
			isa = PBXFrameworksBuildPhase;
			buildActionMask = 2147483647;
			files = (
			);
			runOnlyForDeploymentPostprocessing = 0;
		};
		2F5829071DF4A54B0033C3D4 /* Frameworks */ = {
			isa = PBXFrameworksBuildPhase;
			buildActionMask = 2147483647;
			files = (
				2F58290B1DF4A54C0033C3D4 /* JustPromisesSwift_iOS.framework in Frameworks */,
			);
			runOnlyForDeploymentPostprocessing = 0;
		};
		2F58291A1DF4A58D0033C3D4 /* Frameworks */ = {
			isa = PBXFrameworksBuildPhase;
			buildActionMask = 2147483647;
			files = (
			);
			runOnlyForDeploymentPostprocessing = 0;
		};
		2F5829271DF4A5CF0033C3D4 /* Frameworks */ = {
			isa = PBXFrameworksBuildPhase;
			buildActionMask = 2147483647;
			files = (
			);
			runOnlyForDeploymentPostprocessing = 0;
		};
		2F5829301DF4A5CF0033C3D4 /* Frameworks */ = {
			isa = PBXFrameworksBuildPhase;
			buildActionMask = 2147483647;
			files = (
				2F5829341DF4A5CF0033C3D4 /* JustPromisesSwift_tvOS.framework in Frameworks */,
			);
			runOnlyForDeploymentPostprocessing = 0;
		};
		2F5829431DF4A6040033C3D4 /* Frameworks */ = {
			isa = PBXFrameworksBuildPhase;
			buildActionMask = 2147483647;
			files = (
			);
			runOnlyForDeploymentPostprocessing = 0;
		};
		2F58294C1DF4A6040033C3D4 /* Frameworks */ = {
			isa = PBXFrameworksBuildPhase;
			buildActionMask = 2147483647;
			files = (
				2F5829501DF4A6040033C3D4 /* JustPromisesSwift_macOS.framework in Frameworks */,
			);
			runOnlyForDeploymentPostprocessing = 0;
		};
		4F74B0AB1B47CD0300595442 /* Frameworks */ = {
			isa = PBXFrameworksBuildPhase;
			buildActionMask = 2147483647;
			files = (
				4F74B0F11B47D03C00595442 /* JustPromises.framework in Frameworks */,
			);
			runOnlyForDeploymentPostprocessing = 0;
		};
		4FBCFFDA1B46DC9F007BD426 /* Frameworks */ = {
			isa = PBXFrameworksBuildPhase;
			buildActionMask = 2147483647;
			files = (
			);
			runOnlyForDeploymentPostprocessing = 0;
		};
		4FBCFFE41B46DC9F007BD426 /* Frameworks */ = {
			isa = PBXFrameworksBuildPhase;
			buildActionMask = 2147483647;
			files = (
				4FBCFFE81B46DC9F007BD426 /* JustPromises.framework in Frameworks */,
			);
			runOnlyForDeploymentPostprocessing = 0;
		};
/* End PBXFrameworksBuildPhase section */

/* Begin PBXGroup section */
		2F58295E1DF4A7DE0033C3D4 /* JustPromisesSwift */ = {
			isa = PBXGroup;
			children = (
				2F58295F1DF4A7DE0033C3D4 /* Example.playground */,
				2F5829601DF4A7DE0033C3D4 /* Sources */,
				2F5829631DF4A7DE0033C3D4 /* Targets */,
			);
			path = JustPromisesSwift;
			sourceTree = "<group>";
		};
		2F5829601DF4A7DE0033C3D4 /* Sources */ = {
			isa = PBXGroup;
			children = (
				2F5829611DF4A7DE0033C3D4 /* AsyncOperation.swift */,
				2F5829621DF4A7DE0033C3D4 /* Promise.swift */,
			);
			path = Sources;
			sourceTree = "<group>";
		};
		2F5829631DF4A7DE0033C3D4 /* Targets */ = {
			isa = PBXGroup;
			children = (
				2F5829641DF4A7DE0033C3D4 /* iOS */,
				2F58296B1DF4A7DE0033C3D4 /* macOS */,
				2F5829721DF4A7DE0033C3D4 /* tvOS */,
				2F5829791DF4A7DE0033C3D4 /* watchOS */,
			);
			path = Targets;
			sourceTree = "<group>";
		};
		2F5829641DF4A7DE0033C3D4 /* iOS */ = {
			isa = PBXGroup;
			children = (
				2F5829651DF4A7DE0033C3D4 /* Framework */,
				2F5829681DF4A7DE0033C3D4 /* Tests */,
			);
			path = iOS;
			sourceTree = "<group>";
		};
		2F5829651DF4A7DE0033C3D4 /* Framework */ = {
			isa = PBXGroup;
			children = (
				2F5829661DF4A7DE0033C3D4 /* Info.plist */,
				2F5829671DF4A7DE0033C3D4 /* JustPromisesSwift_iOS.h */,
			);
			path = Framework;
			sourceTree = "<group>";
		};
		2F5829681DF4A7DE0033C3D4 /* Tests */ = {
			isa = PBXGroup;
			children = (
				2F5829691DF4A7DE0033C3D4 /* Info.plist */,
				2F58296A1DF4A7DE0033C3D4 /* JustPromisesSwift_iOSPromiseTests.swift */,
				B1FA8F9C1E4DD5FF00D217DB /* JustPromisesSwift_iOSArrayTests.swift */,
			);
			path = Tests;
			sourceTree = "<group>";
		};
		2F58296B1DF4A7DE0033C3D4 /* macOS */ = {
			isa = PBXGroup;
			children = (
				2F58296C1DF4A7DE0033C3D4 /* Framework */,
				2F58296F1DF4A7DE0033C3D4 /* Tests */,
			);
			path = macOS;
			sourceTree = "<group>";
		};
		2F58296C1DF4A7DE0033C3D4 /* Framework */ = {
			isa = PBXGroup;
			children = (
				2F58296D1DF4A7DE0033C3D4 /* Info.plist */,
				2F58296E1DF4A7DE0033C3D4 /* JustPromisesSwift_macOS.h */,
			);
			path = Framework;
			sourceTree = "<group>";
		};
		2F58296F1DF4A7DE0033C3D4 /* Tests */ = {
			isa = PBXGroup;
			children = (
				2F5829701DF4A7DE0033C3D4 /* Info.plist */,
				2F5829711DF4A7DE0033C3D4 /* JustPromisesSwift_macOSPromiseTests.swift */,
				B1FA8F9E1E4DE17D00D217DB /* JustPromisesSwift_macOSArrayTests.swift */,
			);
			path = Tests;
			sourceTree = "<group>";
		};
		2F5829721DF4A7DE0033C3D4 /* tvOS */ = {
			isa = PBXGroup;
			children = (
				2F5829731DF4A7DE0033C3D4 /* Framework */,
				2F5829761DF4A7DE0033C3D4 /* Tests */,
			);
			path = tvOS;
			sourceTree = "<group>";
		};
		2F5829731DF4A7DE0033C3D4 /* Framework */ = {
			isa = PBXGroup;
			children = (
				2F5829741DF4A7DE0033C3D4 /* Info.plist */,
				2F5829751DF4A7DE0033C3D4 /* JustPromisesSwift_tvOS.h */,
			);
			path = Framework;
			sourceTree = "<group>";
		};
		2F5829761DF4A7DE0033C3D4 /* Tests */ = {
			isa = PBXGroup;
			children = (
				2F5829771DF4A7DE0033C3D4 /* Info.plist */,
				2F5829781DF4A7DE0033C3D4 /* JustPromisesSwift_tvOSPromiseTests.swift */,
				B1FA8FA01E4DE29800D217DB /* JustPromisesSwift_tvOSArrayTests.swift */,
			);
			path = Tests;
			sourceTree = "<group>";
		};
		2F5829791DF4A7DE0033C3D4 /* watchOS */ = {
			isa = PBXGroup;
			children = (
				2F58297A1DF4A7DE0033C3D4 /* Framework */,
				2F58297D1DF4A7DE0033C3D4 /* Tests */,
			);
			path = watchOS;
			sourceTree = "<group>";
		};
		2F58297A1DF4A7DE0033C3D4 /* Framework */ = {
			isa = PBXGroup;
			children = (
				2F58297B1DF4A7DE0033C3D4 /* Info.plist */,
				2F58297C1DF4A7DE0033C3D4 /* JustPromisesSwift_watchOS.h */,
			);
			path = Framework;
			sourceTree = "<group>";
		};
		2F58297D1DF4A7DE0033C3D4 /* Tests */ = {
			isa = PBXGroup;
			children = (
			);
			path = Tests;
			sourceTree = "<group>";
		};
		4F74B0E11B47CF6500595442 /* JustPromisesDEMO */ = {
			isa = PBXGroup;
			children = (
				4F74B0EE1B47CFD100595442 /* JEDemoExamples.h */,
				4F74B0EF1B47CFD100595442 /* JEDemoExamples.m */,
				4F74B0E21B47CF6500595442 /* AppDelegate.h */,
				4F74B0E31B47CF6500595442 /* AppDelegate.m */,
				4F74B0E41B47CF6500595442 /* LaunchScreen.xib */,
				4F74B0E71B47CF6500595442 /* Info.plist */,
				4F74B0E81B47CF6500595442 /* main.m */,
			);
			path = JustPromisesDEMO;
			sourceTree = "<group>";
		};
		4FBC00091B46DD1B007BD426 /* JustPromisesTests */ = {
			isa = PBXGroup;
			children = (
				4FBC000A1B46DD1B007BD426 /* Info.plist */,
				4FBC000B1B46DD1B007BD426 /* JEFutureTests.m */,
				4FCF53A21B47F5820025D30D /* JEFuture_DotNotationTests.m */,
				4FBC000C1B46DD1B007BD426 /* JEProgressTests.m */,
			);
			path = JustPromisesTests;
			sourceTree = "<group>";
		};
		4FBCFFFC1B46DCE2007BD426 /* JustPromises */ = {
			isa = PBXGroup;
			children = (
				4FBCFFFD1B46DCE2007BD426 /* Info.plist */,
				4FBCFFFE1B46DCE2007BD426 /* JEFuture.h */,
				4FBCFFFF1B46DCE2007BD426 /* JEFuture.m */,
				4FCF539E1B47F5480025D30D /* JEFuture+JEDotNotation.h */,
				4FCF539F1B47F5480025D30D /* JEFuture+JEDotNotation.m */,
				4FBC00001B46DCE2007BD426 /* JEProgress.h */,
				4FBC00011B46DCE2007BD426 /* JEProgress.m */,
				4FBC00021B46DCE2007BD426 /* JustPromises.h */,
			);
			path = JustPromises;
			sourceTree = "<group>";
		};
		72E1F6B41A275A0A00F2DB7F = {
			isa = PBXGroup;
			children = (
				4F8D5A5A1A7104FF004179C0 /* LICENSE */,
				4F8D5A5B1A7104FF004179C0 /* README.md */,
				B13CA05B1DD0D81900E4F710 /* README_ObjC.md */,
				B13CA05C1DD0D82C00E4F710 /* README_Swift.md */,
				4F35A55B1A6FBD15008B3A04 /* JustPromises.podspec */,
				4FBCFFFC1B46DCE2007BD426 /* JustPromises */,
				4FBC00091B46DD1B007BD426 /* JustPromisesTests */,
				2F58295E1DF4A7DE0033C3D4 /* JustPromisesSwift */,
				4F74B0E11B47CF6500595442 /* JustPromisesDEMO */,
				72E1F6BE1A275A0A00F2DB7F /* Products */,
			);
			sourceTree = "<group>";
		};
		72E1F6BE1A275A0A00F2DB7F /* Products */ = {
			isa = PBXGroup;
			children = (
				4FBCFFDE1B46DC9F007BD426 /* JustPromises.framework */,
				4FBCFFE71B46DC9F007BD426 /* JustPromisesTests.xctest */,
				4F74B0AE1B47CD0300595442 /* JustPromisesDEMO.app */,
				2F5829021DF4A54B0033C3D4 /* JustPromisesSwift_iOS.framework */,
				2F58290A1DF4A54B0033C3D4 /* JustPromisesSwift_iOSTests.xctest */,
				2F58291E1DF4A58D0033C3D4 /* JustPromisesSwift_watchOS.framework */,
				2F58292B1DF4A5CF0033C3D4 /* JustPromisesSwift_tvOS.framework */,
				2F5829331DF4A5CF0033C3D4 /* JustPromisesSwift_tvOSTests.xctest */,
				2F5829471DF4A6040033C3D4 /* JustPromisesSwift_macOS.framework */,
				2F58294F1DF4A6040033C3D4 /* JustPromisesSwift_macOSTests.xctest */,
			);
			name = Products;
			sourceTree = "<group>";
		};
/* End PBXGroup section */

/* Begin PBXHeadersBuildPhase section */
		2F5828FF1DF4A54B0033C3D4 /* Headers */ = {
			isa = PBXHeadersBuildPhase;
			buildActionMask = 2147483647;
			files = (
				2F58297E1DF4A7F20033C3D4 /* JustPromisesSwift_iOS.h in Headers */,
			);
			runOnlyForDeploymentPostprocessing = 0;
		};
		2F58291B1DF4A58D0033C3D4 /* Headers */ = {
			isa = PBXHeadersBuildPhase;
			buildActionMask = 2147483647;
			files = (
				2F5829841DF4A81D0033C3D4 /* JustPromisesSwift_watchOS.h in Headers */,
			);
			runOnlyForDeploymentPostprocessing = 0;
		};
		2F5829281DF4A5CF0033C3D4 /* Headers */ = {
			isa = PBXHeadersBuildPhase;
			buildActionMask = 2147483647;
			files = (
				2F5829821DF4A8110033C3D4 /* JustPromisesSwift_tvOS.h in Headers */,
			);
			runOnlyForDeploymentPostprocessing = 0;
		};
		2F5829441DF4A6040033C3D4 /* Headers */ = {
			isa = PBXHeadersBuildPhase;
			buildActionMask = 2147483647;
			files = (
				2F5829801DF4A8040033C3D4 /* JustPromisesSwift_macOS.h in Headers */,
			);
			runOnlyForDeploymentPostprocessing = 0;
		};
		4FBCFFDB1B46DC9F007BD426 /* Headers */ = {
			isa = PBXHeadersBuildPhase;
			buildActionMask = 2147483647;
			files = (
				4FBC00081B46DCE2007BD426 /* JustPromises.h in Headers */,
				4FCF53A01B47F5480025D30D /* JEFuture+JEDotNotation.h in Headers */,
				4FBC00061B46DCE2007BD426 /* JEProgress.h in Headers */,
				4FBC00041B46DCE2007BD426 /* JEFuture.h in Headers */,
			);
			runOnlyForDeploymentPostprocessing = 0;
		};
/* End PBXHeadersBuildPhase section */

/* Begin PBXNativeTarget section */
		2F5829011DF4A54B0033C3D4 /* JustPromisesSwift_iOS */ = {
			isa = PBXNativeTarget;
			buildConfigurationList = 2F5829131DF4A54C0033C3D4 /* Build configuration list for PBXNativeTarget "JustPromisesSwift_iOS" */;
			buildPhases = (
				2F5828FD1DF4A54B0033C3D4 /* Sources */,
				2F5828FE1DF4A54B0033C3D4 /* Frameworks */,
				2F5828FF1DF4A54B0033C3D4 /* Headers */,
				2F5829001DF4A54B0033C3D4 /* Resources */,
			);
			buildRules = (
			);
			dependencies = (
			);
			name = JustPromisesSwift_iOS;
			productName = JustPromisesSwift_iOS;
			productReference = 2F5829021DF4A54B0033C3D4 /* JustPromisesSwift_iOS.framework */;
			productType = "com.apple.product-type.framework";
		};
		2F5829091DF4A54B0033C3D4 /* JustPromisesSwift_iOSTests */ = {
			isa = PBXNativeTarget;
			buildConfigurationList = 2F5829161DF4A54C0033C3D4 /* Build configuration list for PBXNativeTarget "JustPromisesSwift_iOSTests" */;
			buildPhases = (
				2F5829061DF4A54B0033C3D4 /* Sources */,
				2F5829071DF4A54B0033C3D4 /* Frameworks */,
				2F5829081DF4A54B0033C3D4 /* Resources */,
			);
			buildRules = (
			);
			dependencies = (
				2F58290D1DF4A54C0033C3D4 /* PBXTargetDependency */,
			);
			name = JustPromisesSwift_iOSTests;
			productName = JustPromisesSwift_iOSTests;
			productReference = 2F58290A1DF4A54B0033C3D4 /* JustPromisesSwift_iOSTests.xctest */;
			productType = "com.apple.product-type.bundle.unit-test";
		};
		2F58291D1DF4A58D0033C3D4 /* JustPromisesSwift_watchOS */ = {
			isa = PBXNativeTarget;
			buildConfigurationList = 2F5829231DF4A58D0033C3D4 /* Build configuration list for PBXNativeTarget "JustPromisesSwift_watchOS" */;
			buildPhases = (
				2F5829191DF4A58D0033C3D4 /* Sources */,
				2F58291A1DF4A58D0033C3D4 /* Frameworks */,
				2F58291B1DF4A58D0033C3D4 /* Headers */,
				2F58291C1DF4A58D0033C3D4 /* Resources */,
			);
			buildRules = (
			);
			dependencies = (
			);
			name = JustPromisesSwift_watchOS;
			productName = JustPromisesSwift_watchOS;
			productReference = 2F58291E1DF4A58D0033C3D4 /* JustPromisesSwift_watchOS.framework */;
			productType = "com.apple.product-type.framework";
		};
		2F58292A1DF4A5CF0033C3D4 /* JustPromisesSwift_tvOS */ = {
			isa = PBXNativeTarget;
			buildConfigurationList = 2F58293C1DF4A5CF0033C3D4 /* Build configuration list for PBXNativeTarget "JustPromisesSwift_tvOS" */;
			buildPhases = (
				2F5829261DF4A5CF0033C3D4 /* Sources */,
				2F5829271DF4A5CF0033C3D4 /* Frameworks */,
				2F5829281DF4A5CF0033C3D4 /* Headers */,
				2F5829291DF4A5CF0033C3D4 /* Resources */,
			);
			buildRules = (
			);
			dependencies = (
			);
			name = JustPromisesSwift_tvOS;
			productName = JustPromisesSwift_tvOS;
			productReference = 2F58292B1DF4A5CF0033C3D4 /* JustPromisesSwift_tvOS.framework */;
			productType = "com.apple.product-type.framework";
		};
		2F5829321DF4A5CF0033C3D4 /* JustPromisesSwift_tvOSTests */ = {
			isa = PBXNativeTarget;
			buildConfigurationList = 2F58293F1DF4A5CF0033C3D4 /* Build configuration list for PBXNativeTarget "JustPromisesSwift_tvOSTests" */;
			buildPhases = (
				2F58292F1DF4A5CF0033C3D4 /* Sources */,
				2F5829301DF4A5CF0033C3D4 /* Frameworks */,
				2F5829311DF4A5CF0033C3D4 /* Resources */,
			);
			buildRules = (
			);
			dependencies = (
				2F5829361DF4A5CF0033C3D4 /* PBXTargetDependency */,
			);
			name = JustPromisesSwift_tvOSTests;
			productName = JustPromisesSwift_tvOSTests;
			productReference = 2F5829331DF4A5CF0033C3D4 /* JustPromisesSwift_tvOSTests.xctest */;
			productType = "com.apple.product-type.bundle.unit-test";
		};
		2F5829461DF4A6040033C3D4 /* JustPromisesSwift_macOS */ = {
			isa = PBXNativeTarget;
			buildConfigurationList = 2F5829581DF4A6040033C3D4 /* Build configuration list for PBXNativeTarget "JustPromisesSwift_macOS" */;
			buildPhases = (
				2F5829421DF4A6040033C3D4 /* Sources */,
				2F5829431DF4A6040033C3D4 /* Frameworks */,
				2F5829441DF4A6040033C3D4 /* Headers */,
				2F5829451DF4A6040033C3D4 /* Resources */,
			);
			buildRules = (
			);
			dependencies = (
			);
			name = JustPromisesSwift_macOS;
			productName = JustPromisesSwift_macOS;
			productReference = 2F5829471DF4A6040033C3D4 /* JustPromisesSwift_macOS.framework */;
			productType = "com.apple.product-type.framework";
		};
		2F58294E1DF4A6040033C3D4 /* JustPromisesSwift_macOSTests */ = {
			isa = PBXNativeTarget;
			buildConfigurationList = 2F58295B1DF4A6040033C3D4 /* Build configuration list for PBXNativeTarget "JustPromisesSwift_macOSTests" */;
			buildPhases = (
				2F58294B1DF4A6040033C3D4 /* Sources */,
				2F58294C1DF4A6040033C3D4 /* Frameworks */,
				2F58294D1DF4A6040033C3D4 /* Resources */,
			);
			buildRules = (
			);
			dependencies = (
				2F5829521DF4A6040033C3D4 /* PBXTargetDependency */,
			);
			name = JustPromisesSwift_macOSTests;
			productName = JustPromisesSwift_macOSTests;
			productReference = 2F58294F1DF4A6040033C3D4 /* JustPromisesSwift_macOSTests.xctest */;
			productType = "com.apple.product-type.bundle.unit-test";
		};
		4F74B0AD1B47CD0300595442 /* JustPromisesDEMO */ = {
			isa = PBXNativeTarget;
			buildConfigurationList = 4F74B0D21B47CD0300595442 /* Build configuration list for PBXNativeTarget "JustPromisesDEMO" */;
			buildPhases = (
				4F74B0AA1B47CD0300595442 /* Sources */,
				4F74B0AB1B47CD0300595442 /* Frameworks */,
				4F74B0AC1B47CD0300595442 /* Resources */,
			);
			buildRules = (
			);
			dependencies = (
			);
			name = JustPromisesDEMO;
			productName = JustPromisesDEMO;
			productReference = 4F74B0AE1B47CD0300595442 /* JustPromisesDEMO.app */;
			productType = "com.apple.product-type.application";
		};
		4FBCFFDD1B46DC9F007BD426 /* JustPromises */ = {
			isa = PBXNativeTarget;
			buildConfigurationList = 4FBCFFF51B46DC9F007BD426 /* Build configuration list for PBXNativeTarget "JustPromises" */;
			buildPhases = (
				4FBCFFD91B46DC9F007BD426 /* Sources */,
				4FBCFFDA1B46DC9F007BD426 /* Frameworks */,
				4FBCFFDB1B46DC9F007BD426 /* Headers */,
				4FBCFFDC1B46DC9F007BD426 /* Resources */,
			);
			buildRules = (
			);
			dependencies = (
			);
			name = JustPromises;
			productName = JustPromises;
			productReference = 4FBCFFDE1B46DC9F007BD426 /* JustPromises.framework */;
			productType = "com.apple.product-type.framework";
		};
		4FBCFFE61B46DC9F007BD426 /* JustPromisesTests */ = {
			isa = PBXNativeTarget;
			buildConfigurationList = 4FBCFFF91B46DC9F007BD426 /* Build configuration list for PBXNativeTarget "JustPromisesTests" */;
			buildPhases = (
				4FBCFFE31B46DC9F007BD426 /* Sources */,
				4FBCFFE41B46DC9F007BD426 /* Frameworks */,
				4FBCFFE51B46DC9F007BD426 /* Resources */,
			);
			buildRules = (
			);
			dependencies = (
				4FBCFFEA1B46DC9F007BD426 /* PBXTargetDependency */,
			);
			name = JustPromisesTests;
			productName = JustPromisesTests;
			productReference = 4FBCFFE71B46DC9F007BD426 /* JustPromisesTests.xctest */;
			productType = "com.apple.product-type.bundle.unit-test";
		};
/* End PBXNativeTarget section */

/* Begin PBXProject section */
		72E1F6B51A275A0A00F2DB7F /* Project object */ = {
			isa = PBXProject;
			attributes = {
				LastSwiftUpdateCheck = 0810;
				LastUpgradeCheck = 0800;
				ORGANIZATIONNAME = "JUST EAT";
				TargetAttributes = {
					2F5829011DF4A54B0033C3D4 = {
						CreatedOnToolsVersion = 8.1;
						ProvisioningStyle = Automatic;
					};
					2F5829091DF4A54B0033C3D4 = {
						CreatedOnToolsVersion = 8.1;
						DevelopmentTeam = YAXJZJ267E;
						ProvisioningStyle = Automatic;
					};
					2F58291D1DF4A58D0033C3D4 = {
						CreatedOnToolsVersion = 8.1;
						ProvisioningStyle = Automatic;
					};
					2F58292A1DF4A5CF0033C3D4 = {
						CreatedOnToolsVersion = 8.1;
						ProvisioningStyle = Automatic;
					};
					2F5829321DF4A5CF0033C3D4 = {
						CreatedOnToolsVersion = 8.1;
						ProvisioningStyle = Automatic;
					};
					2F5829461DF4A6040033C3D4 = {
						CreatedOnToolsVersion = 8.1;
						ProvisioningStyle = Automatic;
					};
					2F58294E1DF4A6040033C3D4 = {
						CreatedOnToolsVersion = 8.1;
						ProvisioningStyle = Automatic;
					};
					4F74B0AD1B47CD0300595442 = {
						CreatedOnToolsVersion = 6.4;
					};
					4FBCFFDD1B46DC9F007BD426 = {
						CreatedOnToolsVersion = 7.0;
					};
					4FBCFFE61B46DC9F007BD426 = {
						CreatedOnToolsVersion = 7.0;
						TestTargetID = 4F35A55F1A6FCD1E008B3A04;
					};
				};
			};
			buildConfigurationList = 72E1F6B81A275A0A00F2DB7F /* Build configuration list for PBXProject "JustPromises" */;
			compatibilityVersion = "Xcode 3.2";
			developmentRegion = English;
			hasScannedForEncodings = 0;
			knownRegions = (
				en,
				Base,
			);
			mainGroup = 72E1F6B41A275A0A00F2DB7F;
			productRefGroup = 72E1F6BE1A275A0A00F2DB7F /* Products */;
			projectDirPath = "";
			projectRoot = "";
			targets = (
				4FBCFFDD1B46DC9F007BD426 /* JustPromises */,
				4FBCFFE61B46DC9F007BD426 /* JustPromisesTests */,
				4F74B0AD1B47CD0300595442 /* JustPromisesDEMO */,
				2F5829011DF4A54B0033C3D4 /* JustPromisesSwift_iOS */,
				2F5829091DF4A54B0033C3D4 /* JustPromisesSwift_iOSTests */,
				2F58291D1DF4A58D0033C3D4 /* JustPromisesSwift_watchOS */,
				2F58292A1DF4A5CF0033C3D4 /* JustPromisesSwift_tvOS */,
				2F5829321DF4A5CF0033C3D4 /* JustPromisesSwift_tvOSTests */,
				2F5829461DF4A6040033C3D4 /* JustPromisesSwift_macOS */,
				2F58294E1DF4A6040033C3D4 /* JustPromisesSwift_macOSTests */,
			);
		};
/* End PBXProject section */

/* Begin PBXResourcesBuildPhase section */
		2F5829001DF4A54B0033C3D4 /* Resources */ = {
			isa = PBXResourcesBuildPhase;
			buildActionMask = 2147483647;
			files = (
			);
			runOnlyForDeploymentPostprocessing = 0;
		};
		2F5829081DF4A54B0033C3D4 /* Resources */ = {
			isa = PBXResourcesBuildPhase;
			buildActionMask = 2147483647;
			files = (
			);
			runOnlyForDeploymentPostprocessing = 0;
		};
		2F58291C1DF4A58D0033C3D4 /* Resources */ = {
			isa = PBXResourcesBuildPhase;
			buildActionMask = 2147483647;
			files = (
			);
			runOnlyForDeploymentPostprocessing = 0;
		};
		2F5829291DF4A5CF0033C3D4 /* Resources */ = {
			isa = PBXResourcesBuildPhase;
			buildActionMask = 2147483647;
			files = (
			);
			runOnlyForDeploymentPostprocessing = 0;
		};
		2F5829311DF4A5CF0033C3D4 /* Resources */ = {
			isa = PBXResourcesBuildPhase;
			buildActionMask = 2147483647;
			files = (
			);
			runOnlyForDeploymentPostprocessing = 0;
		};
		2F5829451DF4A6040033C3D4 /* Resources */ = {
			isa = PBXResourcesBuildPhase;
			buildActionMask = 2147483647;
			files = (
			);
			runOnlyForDeploymentPostprocessing = 0;
		};
		2F58294D1DF4A6040033C3D4 /* Resources */ = {
			isa = PBXResourcesBuildPhase;
			buildActionMask = 2147483647;
			files = (
			);
			runOnlyForDeploymentPostprocessing = 0;
		};
		4F74B0AC1B47CD0300595442 /* Resources */ = {
			isa = PBXResourcesBuildPhase;
			buildActionMask = 2147483647;
			files = (
				4F74B0EA1B47CF6500595442 /* LaunchScreen.xib in Resources */,
			);
			runOnlyForDeploymentPostprocessing = 0;
		};
		4FBCFFDC1B46DC9F007BD426 /* Resources */ = {
			isa = PBXResourcesBuildPhase;
			buildActionMask = 2147483647;
			files = (
			);
			runOnlyForDeploymentPostprocessing = 0;
		};
		4FBCFFE51B46DC9F007BD426 /* Resources */ = {
			isa = PBXResourcesBuildPhase;
			buildActionMask = 2147483647;
			files = (
			);
			runOnlyForDeploymentPostprocessing = 0;
		};
/* End PBXResourcesBuildPhase section */

/* Begin PBXSourcesBuildPhase section */
		2F5828FD1DF4A54B0033C3D4 /* Sources */ = {
			isa = PBXSourcesBuildPhase;
			buildActionMask = 2147483647;
			files = (
				2F5829851DF4A8280033C3D4 /* AsyncOperation.swift in Sources */,
				2F5829861DF4A8280033C3D4 /* Promise.swift in Sources */,
			);
			runOnlyForDeploymentPostprocessing = 0;
		};
		2F5829061DF4A54B0033C3D4 /* Sources */ = {
			isa = PBXSourcesBuildPhase;
			buildActionMask = 2147483647;
			files = (
				2F58297F1DF4A7F80033C3D4 /* JustPromisesSwift_iOSPromiseTests.swift in Sources */,
				B1FA8F9D1E4DD5FF00D217DB /* JustPromisesSwift_iOSArrayTests.swift in Sources */,
			);
			runOnlyForDeploymentPostprocessing = 0;
		};
		2F5829191DF4A58D0033C3D4 /* Sources */ = {
			isa = PBXSourcesBuildPhase;
			buildActionMask = 2147483647;
			files = (
				2F5829871DF4A8290033C3D4 /* AsyncOperation.swift in Sources */,
				2F5829881DF4A8290033C3D4 /* Promise.swift in Sources */,
			);
			runOnlyForDeploymentPostprocessing = 0;
		};
		2F5829261DF4A5CF0033C3D4 /* Sources */ = {
			isa = PBXSourcesBuildPhase;
			buildActionMask = 2147483647;
			files = (
				2F5829891DF4A82B0033C3D4 /* AsyncOperation.swift in Sources */,
				2F58298A1DF4A82B0033C3D4 /* Promise.swift in Sources */,
			);
			runOnlyForDeploymentPostprocessing = 0;
		};
		2F58292F1DF4A5CF0033C3D4 /* Sources */ = {
			isa = PBXSourcesBuildPhase;
			buildActionMask = 2147483647;
			files = (
				2F5829831DF4A8150033C3D4 /* JustPromisesSwift_tvOSPromiseTests.swift in Sources */,
				B1FA8FA11E4DE29800D217DB /* JustPromisesSwift_tvOSArrayTests.swift in Sources */,
			);
			runOnlyForDeploymentPostprocessing = 0;
		};
		2F5829421DF4A6040033C3D4 /* Sources */ = {
			isa = PBXSourcesBuildPhase;
			buildActionMask = 2147483647;
			files = (
				2F58298B1DF4A82C0033C3D4 /* AsyncOperation.swift in Sources */,
				2F58298C1DF4A82C0033C3D4 /* Promise.swift in Sources */,
			);
			runOnlyForDeploymentPostprocessing = 0;
		};
		2F58294B1DF4A6040033C3D4 /* Sources */ = {
			isa = PBXSourcesBuildPhase;
			buildActionMask = 2147483647;
			files = (
				2F5829811DF4A80A0033C3D4 /* JustPromisesSwift_macOSPromiseTests.swift in Sources */,
				B1FA8F9F1E4DE17D00D217DB /* JustPromisesSwift_macOSArrayTests.swift in Sources */,
			);
			runOnlyForDeploymentPostprocessing = 0;
		};
		4F74B0AA1B47CD0300595442 /* Sources */ = {
			isa = PBXSourcesBuildPhase;
			buildActionMask = 2147483647;
			files = (
				4F74B0ED1B47CF6500595442 /* main.m in Sources */,
				4F74B0E91B47CF6500595442 /* AppDelegate.m in Sources */,
				4F74B0F01B47CFD100595442 /* JEDemoExamples.m in Sources */,
			);
			runOnlyForDeploymentPostprocessing = 0;
		};
		4FBCFFD91B46DC9F007BD426 /* Sources */ = {
			isa = PBXSourcesBuildPhase;
			buildActionMask = 2147483647;
			files = (
				4FBC00051B46DCE2007BD426 /* JEFuture.m in Sources */,
				4FBC00071B46DCE2007BD426 /* JEProgress.m in Sources */,
				4FCF53A11B47F5480025D30D /* JEFuture+JEDotNotation.m in Sources */,
			);
			runOnlyForDeploymentPostprocessing = 0;
		};
		4FBCFFE31B46DC9F007BD426 /* Sources */ = {
			isa = PBXSourcesBuildPhase;
			buildActionMask = 2147483647;
			files = (
				4FBC000E1B46DD1B007BD426 /* JEFutureTests.m in Sources */,
				4FCF53A31B47F5820025D30D /* JEFuture_DotNotationTests.m in Sources */,
				4FBC000F1B46DD1B007BD426 /* JEProgressTests.m in Sources */,
			);
			runOnlyForDeploymentPostprocessing = 0;
		};
/* End PBXSourcesBuildPhase section */

/* Begin PBXTargetDependency section */
		2F58290D1DF4A54C0033C3D4 /* PBXTargetDependency */ = {
			isa = PBXTargetDependency;
			target = 2F5829011DF4A54B0033C3D4 /* JustPromisesSwift_iOS */;
			targetProxy = 2F58290C1DF4A54C0033C3D4 /* PBXContainerItemProxy */;
		};
		2F5829361DF4A5CF0033C3D4 /* PBXTargetDependency */ = {
			isa = PBXTargetDependency;
			target = 2F58292A1DF4A5CF0033C3D4 /* JustPromisesSwift_tvOS */;
			targetProxy = 2F5829351DF4A5CF0033C3D4 /* PBXContainerItemProxy */;
		};
		2F5829521DF4A6040033C3D4 /* PBXTargetDependency */ = {
			isa = PBXTargetDependency;
			target = 2F5829461DF4A6040033C3D4 /* JustPromisesSwift_macOS */;
			targetProxy = 2F5829511DF4A6040033C3D4 /* PBXContainerItemProxy */;
		};
		4FBCFFEA1B46DC9F007BD426 /* PBXTargetDependency */ = {
			isa = PBXTargetDependency;
			target = 4FBCFFDD1B46DC9F007BD426 /* JustPromises */;
			targetProxy = 4FBCFFE91B46DC9F007BD426 /* PBXContainerItemProxy */;
		};
/* End PBXTargetDependency section */

/* Begin PBXVariantGroup section */
		4F74B0E41B47CF6500595442 /* LaunchScreen.xib */ = {
			isa = PBXVariantGroup;
			children = (
				4F74B0E51B47CF6500595442 /* Base */,
			);
			name = LaunchScreen.xib;
			sourceTree = "<group>";
		};
/* End PBXVariantGroup section */

/* Begin XCBuildConfiguration section */
		2F5829141DF4A54C0033C3D4 /* Debug */ = {
			isa = XCBuildConfiguration;
			buildSettings = {
				CLANG_ANALYZER_NONNULL = YES;
				CLANG_WARN_DOCUMENTATION_COMMENTS = YES;
				CLANG_WARN_SUSPICIOUS_MOVES = YES;
				CODE_SIGN_IDENTITY = "";
				"CODE_SIGN_IDENTITY[sdk=iphoneos*]" = "iPhone Developer";
				CURRENT_PROJECT_VERSION = 1;
				DEBUG_INFORMATION_FORMAT = dwarf;
				DEFINES_MODULE = YES;
				DEVELOPMENT_TEAM = "";
				DYLIB_COMPATIBILITY_VERSION = 1;
				DYLIB_CURRENT_VERSION = 1;
				DYLIB_INSTALL_NAME_BASE = "@rpath";
				INFOPLIST_FILE = "$(SRCROOT)/JustPromisesSwift/Targets/iOS/Framework/Info.plist";
				INSTALL_PATH = "$(LOCAL_LIBRARY_DIR)/Frameworks";
				IPHONEOS_DEPLOYMENT_TARGET = 8.0;
				LD_RUNPATH_SEARCH_PATHS = "$(inherited) @executable_path/Frameworks @loader_path/Frameworks";
				PRODUCT_BUNDLE_IDENTIFIER = "com.just-eat.justpromises.swift.ios";
				PRODUCT_NAME = "$(TARGET_NAME)";
				SKIP_INSTALL = YES;
				SWIFT_ACTIVE_COMPILATION_CONDITIONS = DEBUG;
				SWIFT_OPTIMIZATION_LEVEL = "-Onone";
				SWIFT_VERSION = 3.0;
				TARGETED_DEVICE_FAMILY = "1,2";
				VERSIONING_SYSTEM = "apple-generic";
				VERSION_INFO_PREFIX = "";
			};
			name = Debug;
		};
		2F5829151DF4A54C0033C3D4 /* Release */ = {
			isa = XCBuildConfiguration;
			buildSettings = {
				CLANG_ANALYZER_NONNULL = YES;
				CLANG_WARN_DOCUMENTATION_COMMENTS = YES;
				CLANG_WARN_SUSPICIOUS_MOVES = YES;
				CODE_SIGN_IDENTITY = "";
				"CODE_SIGN_IDENTITY[sdk=iphoneos*]" = "iPhone Developer";
				COPY_PHASE_STRIP = NO;
				CURRENT_PROJECT_VERSION = 1;
				DEBUG_INFORMATION_FORMAT = "dwarf-with-dsym";
				DEFINES_MODULE = YES;
				DEVELOPMENT_TEAM = "";
				DYLIB_COMPATIBILITY_VERSION = 1;
				DYLIB_CURRENT_VERSION = 1;
				DYLIB_INSTALL_NAME_BASE = "@rpath";
				INFOPLIST_FILE = "$(SRCROOT)/JustPromisesSwift/Targets/iOS/Framework/Info.plist";
				INSTALL_PATH = "$(LOCAL_LIBRARY_DIR)/Frameworks";
				IPHONEOS_DEPLOYMENT_TARGET = 8.0;
				LD_RUNPATH_SEARCH_PATHS = "$(inherited) @executable_path/Frameworks @loader_path/Frameworks";
				PRODUCT_BUNDLE_IDENTIFIER = "com.just-eat.justpromises.swift.ios";
				PRODUCT_NAME = "$(TARGET_NAME)";
				SKIP_INSTALL = YES;
				SWIFT_VERSION = 3.0;
				TARGETED_DEVICE_FAMILY = "1,2";
				VERSIONING_SYSTEM = "apple-generic";
				VERSION_INFO_PREFIX = "";
			};
			name = Release;
		};
		2F5829171DF4A54C0033C3D4 /* Debug */ = {
			isa = XCBuildConfiguration;
			buildSettings = {
				ALWAYS_EMBED_SWIFT_STANDARD_LIBRARIES = YES;
				CLANG_ANALYZER_NONNULL = YES;
				CLANG_WARN_DOCUMENTATION_COMMENTS = YES;
				CLANG_WARN_SUSPICIOUS_MOVES = YES;
				"CODE_SIGN_IDENTITY[sdk=iphoneos*]" = "iPhone Developer";
				DEBUG_INFORMATION_FORMAT = dwarf;
				DEVELOPMENT_TEAM = YAXJZJ267E;
				INFOPLIST_FILE = JustPromisesSwift/Targets/iOS/Tests/Info.plist;
				IPHONEOS_DEPLOYMENT_TARGET = 10.1;
				LD_RUNPATH_SEARCH_PATHS = "$(inherited) @executable_path/Frameworks @loader_path/Frameworks";
				PRODUCT_BUNDLE_IDENTIFIER = "com.just-eat.JustPromisesSwift-iOSTests";
				PRODUCT_NAME = "$(TARGET_NAME)";
				SWIFT_ACTIVE_COMPILATION_CONDITIONS = DEBUG;
				SWIFT_OPTIMIZATION_LEVEL = "-Onone";
				SWIFT_VERSION = 3.0;
			};
			name = Debug;
		};
		2F5829181DF4A54C0033C3D4 /* Release */ = {
			isa = XCBuildConfiguration;
			buildSettings = {
				ALWAYS_EMBED_SWIFT_STANDARD_LIBRARIES = YES;
				CLANG_ANALYZER_NONNULL = YES;
				CLANG_WARN_DOCUMENTATION_COMMENTS = YES;
				CLANG_WARN_SUSPICIOUS_MOVES = YES;
				"CODE_SIGN_IDENTITY[sdk=iphoneos*]" = "iPhone Developer";
				COPY_PHASE_STRIP = NO;
				DEBUG_INFORMATION_FORMAT = "dwarf-with-dsym";
				DEVELOPMENT_TEAM = YAXJZJ267E;
				INFOPLIST_FILE = JustPromisesSwift/Targets/iOS/Tests/Info.plist;
				IPHONEOS_DEPLOYMENT_TARGET = 10.1;
				LD_RUNPATH_SEARCH_PATHS = "$(inherited) @executable_path/Frameworks @loader_path/Frameworks";
				PRODUCT_BUNDLE_IDENTIFIER = "com.just-eat.JustPromisesSwift-iOSTests";
				PRODUCT_NAME = "$(TARGET_NAME)";
				SWIFT_VERSION = 3.0;
			};
			name = Release;
		};
		2F5829241DF4A58D0033C3D4 /* Debug */ = {
			isa = XCBuildConfiguration;
			buildSettings = {
				APPLICATION_EXTENSION_API_ONLY = YES;
				CLANG_ANALYZER_NONNULL = YES;
				CLANG_WARN_DOCUMENTATION_COMMENTS = YES;
				CLANG_WARN_SUSPICIOUS_MOVES = YES;
				CODE_SIGN_IDENTITY = "";
				CURRENT_PROJECT_VERSION = 1;
				DEBUG_INFORMATION_FORMAT = dwarf;
				DEFINES_MODULE = YES;
				DYLIB_COMPATIBILITY_VERSION = 1;
				DYLIB_CURRENT_VERSION = 1;
				DYLIB_INSTALL_NAME_BASE = "@rpath";
				INFOPLIST_FILE = "$(SRCROOT)/JustPromisesSwift/Targets/watchOS/Framework/Info.plist";
				INSTALL_PATH = "$(LOCAL_LIBRARY_DIR)/Frameworks";
				LD_RUNPATH_SEARCH_PATHS = "$(inherited) @executable_path/Frameworks @loader_path/Frameworks";
				PRODUCT_BUNDLE_IDENTIFIER = "com.just-eat.justpromises.swift.watchos";
				PRODUCT_NAME = "$(TARGET_NAME)";
				SDKROOT = watchos;
				SKIP_INSTALL = YES;
				SWIFT_ACTIVE_COMPILATION_CONDITIONS = DEBUG;
				SWIFT_OPTIMIZATION_LEVEL = "-Onone";
				SWIFT_VERSION = 3.0;
				TARGETED_DEVICE_FAMILY = 4;
				VERSIONING_SYSTEM = "apple-generic";
				VERSION_INFO_PREFIX = "";
				WATCHOS_DEPLOYMENT_TARGET = 2.0;
			};
			name = Debug;
		};
		2F5829251DF4A58D0033C3D4 /* Release */ = {
			isa = XCBuildConfiguration;
			buildSettings = {
				APPLICATION_EXTENSION_API_ONLY = YES;
				CLANG_ANALYZER_NONNULL = YES;
				CLANG_WARN_DOCUMENTATION_COMMENTS = YES;
				CLANG_WARN_SUSPICIOUS_MOVES = YES;
				CODE_SIGN_IDENTITY = "";
				COPY_PHASE_STRIP = NO;
				CURRENT_PROJECT_VERSION = 1;
				DEBUG_INFORMATION_FORMAT = "dwarf-with-dsym";
				DEFINES_MODULE = YES;
				DYLIB_COMPATIBILITY_VERSION = 1;
				DYLIB_CURRENT_VERSION = 1;
				DYLIB_INSTALL_NAME_BASE = "@rpath";
				INFOPLIST_FILE = "$(SRCROOT)/JustPromisesSwift/Targets/watchOS/Framework/Info.plist";
				INSTALL_PATH = "$(LOCAL_LIBRARY_DIR)/Frameworks";
				LD_RUNPATH_SEARCH_PATHS = "$(inherited) @executable_path/Frameworks @loader_path/Frameworks";
				PRODUCT_BUNDLE_IDENTIFIER = "com.just-eat.justpromises.swift.watchos";
				PRODUCT_NAME = "$(TARGET_NAME)";
				SDKROOT = watchos;
				SKIP_INSTALL = YES;
				SWIFT_VERSION = 3.0;
				TARGETED_DEVICE_FAMILY = 4;
				VERSIONING_SYSTEM = "apple-generic";
				VERSION_INFO_PREFIX = "";
				WATCHOS_DEPLOYMENT_TARGET = 2.0;
			};
			name = Release;
		};
		2F58293D1DF4A5CF0033C3D4 /* Debug */ = {
			isa = XCBuildConfiguration;
			buildSettings = {
				CLANG_ANALYZER_NONNULL = YES;
				CLANG_WARN_DOCUMENTATION_COMMENTS = YES;
				CLANG_WARN_SUSPICIOUS_MOVES = YES;
				CODE_SIGN_IDENTITY = "";
				CURRENT_PROJECT_VERSION = 1;
				DEBUG_INFORMATION_FORMAT = dwarf;
				DEFINES_MODULE = YES;
				DYLIB_COMPATIBILITY_VERSION = 1;
				DYLIB_CURRENT_VERSION = 1;
				DYLIB_INSTALL_NAME_BASE = "@rpath";
				INFOPLIST_FILE = "$(SRCROOT)/JustPromisesSwift/Targets/tvOS/Framework/Info.plist";
				INSTALL_PATH = "$(LOCAL_LIBRARY_DIR)/Frameworks";
				LD_RUNPATH_SEARCH_PATHS = "$(inherited) @executable_path/Frameworks @loader_path/Frameworks";
				PRODUCT_BUNDLE_IDENTIFIER = "com.just-eat.justpromises.swift.tvos";
				PRODUCT_NAME = "$(TARGET_NAME)";
				SDKROOT = appletvos;
				SKIP_INSTALL = YES;
				SWIFT_ACTIVE_COMPILATION_CONDITIONS = DEBUG;
				SWIFT_OPTIMIZATION_LEVEL = "-Onone";
				SWIFT_VERSION = 3.0;
				TARGETED_DEVICE_FAMILY = 3;
				TVOS_DEPLOYMENT_TARGET = 10.0;
				VERSIONING_SYSTEM = "apple-generic";
				VERSION_INFO_PREFIX = "";
			};
			name = Debug;
		};
		2F58293E1DF4A5CF0033C3D4 /* Release */ = {
			isa = XCBuildConfiguration;
			buildSettings = {
				CLANG_ANALYZER_NONNULL = YES;
				CLANG_WARN_DOCUMENTATION_COMMENTS = YES;
				CLANG_WARN_SUSPICIOUS_MOVES = YES;
				CODE_SIGN_IDENTITY = "";
				COPY_PHASE_STRIP = NO;
				CURRENT_PROJECT_VERSION = 1;
				DEBUG_INFORMATION_FORMAT = "dwarf-with-dsym";
				DEFINES_MODULE = YES;
				DYLIB_COMPATIBILITY_VERSION = 1;
				DYLIB_CURRENT_VERSION = 1;
				DYLIB_INSTALL_NAME_BASE = "@rpath";
				INFOPLIST_FILE = "$(SRCROOT)/JustPromisesSwift/Targets/tvOS/Framework/Info.plist";
				INSTALL_PATH = "$(LOCAL_LIBRARY_DIR)/Frameworks";
				LD_RUNPATH_SEARCH_PATHS = "$(inherited) @executable_path/Frameworks @loader_path/Frameworks";
				PRODUCT_BUNDLE_IDENTIFIER = "com.just-eat.justpromises.swift.tvos";
				PRODUCT_NAME = "$(TARGET_NAME)";
				SDKROOT = appletvos;
				SKIP_INSTALL = YES;
				SWIFT_VERSION = 3.0;
				TARGETED_DEVICE_FAMILY = 3;
				TVOS_DEPLOYMENT_TARGET = 10.0;
				VERSIONING_SYSTEM = "apple-generic";
				VERSION_INFO_PREFIX = "";
			};
			name = Release;
		};
		2F5829401DF4A5CF0033C3D4 /* Debug */ = {
			isa = XCBuildConfiguration;
			buildSettings = {
				ALWAYS_EMBED_SWIFT_STANDARD_LIBRARIES = YES;
				CLANG_ANALYZER_NONNULL = YES;
				CLANG_WARN_DOCUMENTATION_COMMENTS = YES;
				CLANG_WARN_SUSPICIOUS_MOVES = YES;
				DEBUG_INFORMATION_FORMAT = dwarf;
				INFOPLIST_FILE = JustPromisesSwift/Targets/tvOS/Tests/Info.plist;
				LD_RUNPATH_SEARCH_PATHS = "$(inherited) @executable_path/Frameworks @loader_path/Frameworks";
				PRODUCT_BUNDLE_IDENTIFIER = "com.just-eat.JustPromisesSwift-tvOSTests";
				PRODUCT_NAME = "$(TARGET_NAME)";
				SDKROOT = appletvos;
				SWIFT_ACTIVE_COMPILATION_CONDITIONS = DEBUG;
				SWIFT_OPTIMIZATION_LEVEL = "-Onone";
				SWIFT_VERSION = 3.0;
				TVOS_DEPLOYMENT_TARGET = 10.0;
			};
			name = Debug;
		};
		2F5829411DF4A5CF0033C3D4 /* Release */ = {
			isa = XCBuildConfiguration;
			buildSettings = {
				ALWAYS_EMBED_SWIFT_STANDARD_LIBRARIES = YES;
				CLANG_ANALYZER_NONNULL = YES;
				CLANG_WARN_DOCUMENTATION_COMMENTS = YES;
				CLANG_WARN_SUSPICIOUS_MOVES = YES;
				COPY_PHASE_STRIP = NO;
				DEBUG_INFORMATION_FORMAT = "dwarf-with-dsym";
				INFOPLIST_FILE = JustPromisesSwift/Targets/tvOS/Tests/Info.plist;
				LD_RUNPATH_SEARCH_PATHS = "$(inherited) @executable_path/Frameworks @loader_path/Frameworks";
				PRODUCT_BUNDLE_IDENTIFIER = "com.just-eat.JustPromisesSwift-tvOSTests";
				PRODUCT_NAME = "$(TARGET_NAME)";
				SDKROOT = appletvos;
				SWIFT_VERSION = 3.0;
				TVOS_DEPLOYMENT_TARGET = 10.0;
			};
			name = Release;
		};
		2F5829591DF4A6040033C3D4 /* Debug */ = {
			isa = XCBuildConfiguration;
			buildSettings = {
				CLANG_ANALYZER_NONNULL = YES;
				CLANG_WARN_DOCUMENTATION_COMMENTS = YES;
				CLANG_WARN_SUSPICIOUS_MOVES = YES;
				CODE_SIGN_IDENTITY = "-";
				COMBINE_HIDPI_IMAGES = YES;
				CURRENT_PROJECT_VERSION = 1;
				DEBUG_INFORMATION_FORMAT = dwarf;
				DEFINES_MODULE = YES;
				DYLIB_COMPATIBILITY_VERSION = 1;
				DYLIB_CURRENT_VERSION = 1;
				DYLIB_INSTALL_NAME_BASE = "@rpath";
				FRAMEWORK_VERSION = A;
				INFOPLIST_FILE = "$(SRCROOT)/JustPromisesSwift/Targets/macOS/Framework/Info.plist";
				INSTALL_PATH = "$(LOCAL_LIBRARY_DIR)/Frameworks";
				LD_RUNPATH_SEARCH_PATHS = "$(inherited) @executable_path/../Frameworks @loader_path/Frameworks";
				MACOSX_DEPLOYMENT_TARGET = 10.12;
				PRODUCT_BUNDLE_IDENTIFIER = "com.just-eat.justpromises.swift.macos";
				PRODUCT_NAME = "$(TARGET_NAME)";
				SDKROOT = macosx;
				SKIP_INSTALL = YES;
				SWIFT_ACTIVE_COMPILATION_CONDITIONS = DEBUG;
				SWIFT_OPTIMIZATION_LEVEL = "-Onone";
				SWIFT_VERSION = 3.0;
				VERSIONING_SYSTEM = "apple-generic";
				VERSION_INFO_PREFIX = "";
			};
			name = Debug;
		};
		2F58295A1DF4A6040033C3D4 /* Release */ = {
			isa = XCBuildConfiguration;
			buildSettings = {
				CLANG_ANALYZER_NONNULL = YES;
				CLANG_WARN_DOCUMENTATION_COMMENTS = YES;
				CLANG_WARN_SUSPICIOUS_MOVES = YES;
				CODE_SIGN_IDENTITY = "-";
				COMBINE_HIDPI_IMAGES = YES;
				COPY_PHASE_STRIP = NO;
				CURRENT_PROJECT_VERSION = 1;
				DEBUG_INFORMATION_FORMAT = "dwarf-with-dsym";
				DEFINES_MODULE = YES;
				DYLIB_COMPATIBILITY_VERSION = 1;
				DYLIB_CURRENT_VERSION = 1;
				DYLIB_INSTALL_NAME_BASE = "@rpath";
				FRAMEWORK_VERSION = A;
				INFOPLIST_FILE = "$(SRCROOT)/JustPromisesSwift/Targets/macOS/Framework/Info.plist";
				INSTALL_PATH = "$(LOCAL_LIBRARY_DIR)/Frameworks";
				LD_RUNPATH_SEARCH_PATHS = "$(inherited) @executable_path/../Frameworks @loader_path/Frameworks";
				MACOSX_DEPLOYMENT_TARGET = 10.12;
				PRODUCT_BUNDLE_IDENTIFIER = "com.just-eat.justpromises.swift.macos";
				PRODUCT_NAME = "$(TARGET_NAME)";
				SDKROOT = macosx;
				SKIP_INSTALL = YES;
				SWIFT_VERSION = 3.0;
				VERSIONING_SYSTEM = "apple-generic";
				VERSION_INFO_PREFIX = "";
			};
			name = Release;
		};
		2F58295C1DF4A6040033C3D4 /* Debug */ = {
			isa = XCBuildConfiguration;
			buildSettings = {
				ALWAYS_EMBED_SWIFT_STANDARD_LIBRARIES = YES;
				CLANG_ANALYZER_NONNULL = YES;
				CLANG_WARN_DOCUMENTATION_COMMENTS = YES;
				CLANG_WARN_SUSPICIOUS_MOVES = YES;
				CODE_SIGN_IDENTITY = "-";
				COMBINE_HIDPI_IMAGES = YES;
				DEBUG_INFORMATION_FORMAT = dwarf;
				INFOPLIST_FILE = JustPromisesSwift/Targets/macOS/Tests/Info.plist;
				LD_RUNPATH_SEARCH_PATHS = "$(inherited) @executable_path/../Frameworks @loader_path/../Frameworks";
				MACOSX_DEPLOYMENT_TARGET = 10.12;
				PRODUCT_BUNDLE_IDENTIFIER = "com.just-eat.JustPromisesSwift-macOSTests";
				PRODUCT_NAME = "$(TARGET_NAME)";
				SDKROOT = macosx;
				SWIFT_ACTIVE_COMPILATION_CONDITIONS = DEBUG;
				SWIFT_OPTIMIZATION_LEVEL = "-Onone";
				SWIFT_VERSION = 3.0;
			};
			name = Debug;
		};
		2F58295D1DF4A6040033C3D4 /* Release */ = {
			isa = XCBuildConfiguration;
			buildSettings = {
				ALWAYS_EMBED_SWIFT_STANDARD_LIBRARIES = YES;
				CLANG_ANALYZER_NONNULL = YES;
				CLANG_WARN_DOCUMENTATION_COMMENTS = YES;
				CLANG_WARN_SUSPICIOUS_MOVES = YES;
				CODE_SIGN_IDENTITY = "-";
				COMBINE_HIDPI_IMAGES = YES;
				COPY_PHASE_STRIP = NO;
				DEBUG_INFORMATION_FORMAT = "dwarf-with-dsym";
				INFOPLIST_FILE = JustPromisesSwift/Targets/macOS/Tests/Info.plist;
				LD_RUNPATH_SEARCH_PATHS = "$(inherited) @executable_path/../Frameworks @loader_path/../Frameworks";
				MACOSX_DEPLOYMENT_TARGET = 10.12;
				PRODUCT_BUNDLE_IDENTIFIER = "com.just-eat.JustPromisesSwift-macOSTests";
				PRODUCT_NAME = "$(TARGET_NAME)";
				SDKROOT = macosx;
				SWIFT_VERSION = 3.0;
			};
			name = Release;
		};
		4F74B0CE1B47CD0300595442 /* Debug */ = {
			isa = XCBuildConfiguration;
			buildSettings = {
				ASSETCATALOG_COMPILER_APPICON_NAME = AppIcon;
				"CODE_SIGN_IDENTITY[sdk=iphoneos*]" = "iPhone Developer";
				DEBUG_INFORMATION_FORMAT = "dwarf-with-dsym";
				GCC_NO_COMMON_BLOCKS = YES;
				GCC_PREPROCESSOR_DEFINITIONS = (
					"DEBUG=1",
					"$(inherited)",
				);
				INFOPLIST_FILE = JustPromisesDEMO/Info.plist;
				LD_RUNPATH_SEARCH_PATHS = "$(inherited) @executable_path/Frameworks";
				PRODUCT_BUNDLE_IDENTIFIER = "com.justeat.$(PRODUCT_NAME:rfc1034identifier)";
				PRODUCT_NAME = "$(TARGET_NAME)";
				TARGETED_DEVICE_FAMILY = "1,2";
			};
			name = Debug;
		};
		4F74B0CF1B47CD0300595442 /* Release */ = {
			isa = XCBuildConfiguration;
			buildSettings = {
				ASSETCATALOG_COMPILER_APPICON_NAME = AppIcon;
				"CODE_SIGN_IDENTITY[sdk=iphoneos*]" = "iPhone Developer";
				COPY_PHASE_STRIP = NO;
				DEBUG_INFORMATION_FORMAT = "dwarf-with-dsym";
				GCC_NO_COMMON_BLOCKS = YES;
				INFOPLIST_FILE = JustPromisesDEMO/Info.plist;
				LD_RUNPATH_SEARCH_PATHS = "$(inherited) @executable_path/Frameworks";
				PRODUCT_BUNDLE_IDENTIFIER = "com.justeat.$(PRODUCT_NAME:rfc1034identifier)";
				PRODUCT_NAME = "$(TARGET_NAME)";
				TARGETED_DEVICE_FAMILY = "1,2";
			};
			name = Release;
		};
		4FBCFFF61B46DC9F007BD426 /* Debug */ = {
			isa = XCBuildConfiguration;
			buildSettings = {
				"CODE_SIGN_IDENTITY[sdk=iphoneos*]" = "";
				CURRENT_PROJECT_VERSION = 1;
				DEBUG_INFORMATION_FORMAT = dwarf;
				DEFINES_MODULE = YES;
				DYLIB_COMPATIBILITY_VERSION = 1;
				DYLIB_CURRENT_VERSION = 1;
				DYLIB_INSTALL_NAME_BASE = "@rpath";
				ENABLE_TESTABILITY = YES;
				GCC_NO_COMMON_BLOCKS = YES;
				INFOPLIST_FILE = JustPromises/Info.plist;
				INSTALL_PATH = "$(LOCAL_LIBRARY_DIR)/Frameworks";
				LD_RUNPATH_SEARCH_PATHS = "$(inherited) @executable_path/Frameworks @loader_path/Frameworks";
				PRODUCT_BUNDLE_IDENTIFIER = com.justeat.JustPromises;
				PRODUCT_NAME = "$(TARGET_NAME)";
				SKIP_INSTALL = YES;
				TARGETED_DEVICE_FAMILY = "1,2";
				VERSIONING_SYSTEM = "apple-generic";
				VERSION_INFO_PREFIX = "";
			};
			name = Debug;
		};
		4FBCFFF71B46DC9F007BD426 /* Release */ = {
			isa = XCBuildConfiguration;
			buildSettings = {
				"CODE_SIGN_IDENTITY[sdk=iphoneos*]" = "";
				COPY_PHASE_STRIP = NO;
				CURRENT_PROJECT_VERSION = 1;
				DEBUG_INFORMATION_FORMAT = "dwarf-with-dsym";
				DEFINES_MODULE = YES;
				DYLIB_COMPATIBILITY_VERSION = 1;
				DYLIB_CURRENT_VERSION = 1;
				DYLIB_INSTALL_NAME_BASE = "@rpath";
				GCC_NO_COMMON_BLOCKS = YES;
				INFOPLIST_FILE = JustPromises/Info.plist;
				INSTALL_PATH = "$(LOCAL_LIBRARY_DIR)/Frameworks";
				LD_RUNPATH_SEARCH_PATHS = "$(inherited) @executable_path/Frameworks @loader_path/Frameworks";
				PRODUCT_BUNDLE_IDENTIFIER = com.justeat.JustPromises;
				PRODUCT_NAME = "$(TARGET_NAME)";
				SKIP_INSTALL = YES;
				TARGETED_DEVICE_FAMILY = "1,2";
				VERSIONING_SYSTEM = "apple-generic";
				VERSION_INFO_PREFIX = "";
			};
			name = Release;
		};
		4FBCFFFA1B46DC9F007BD426 /* Debug */ = {
			isa = XCBuildConfiguration;
			buildSettings = {
				"CODE_SIGN_IDENTITY[sdk=iphoneos*]" = "iPhone Developer";
				DEBUG_INFORMATION_FORMAT = dwarf;
				ENABLE_TESTABILITY = YES;
				GCC_NO_COMMON_BLOCKS = YES;
				INFOPLIST_FILE = JustPromisesTests/Info.plist;
				LD_RUNPATH_SEARCH_PATHS = "$(inherited) @executable_path/Frameworks @loader_path/Frameworks";
				PRODUCT_BUNDLE_IDENTIFIER = com.justeat.JustPromisesTests;
				PRODUCT_NAME = "$(TARGET_NAME)";
			};
			name = Debug;
		};
		4FBCFFFB1B46DC9F007BD426 /* Release */ = {
			isa = XCBuildConfiguration;
			buildSettings = {
				"CODE_SIGN_IDENTITY[sdk=iphoneos*]" = "iPhone Developer";
				COPY_PHASE_STRIP = NO;
				DEBUG_INFORMATION_FORMAT = "dwarf-with-dsym";
				GCC_NO_COMMON_BLOCKS = YES;
				INFOPLIST_FILE = JustPromisesTests/Info.plist;
				LD_RUNPATH_SEARCH_PATHS = "$(inherited) @executable_path/Frameworks @loader_path/Frameworks";
				PRODUCT_BUNDLE_IDENTIFIER = com.justeat.JustPromisesTests;
				PRODUCT_NAME = "$(TARGET_NAME)";
			};
			name = Release;
		};
		72E1F6CF1A275A0A00F2DB7F /* Debug */ = {
			isa = XCBuildConfiguration;
			buildSettings = {
				ALWAYS_SEARCH_USER_PATHS = NO;
				CLANG_CXX_LANGUAGE_STANDARD = "gnu++0x";
				CLANG_CXX_LIBRARY = "libc++";
				CLANG_ENABLE_MODULES = YES;
				CLANG_ENABLE_OBJC_ARC = YES;
				CLANG_WARN_BOOL_CONVERSION = YES;
				CLANG_WARN_CONSTANT_CONVERSION = YES;
				CLANG_WARN_DIRECT_OBJC_ISA_USAGE = YES_ERROR;
				CLANG_WARN_EMPTY_BODY = YES;
				CLANG_WARN_ENUM_CONVERSION = YES;
				CLANG_WARN_INFINITE_RECURSION = YES;
				CLANG_WARN_INT_CONVERSION = YES;
				CLANG_WARN_OBJC_IMPLICIT_RETAIN_SELF = YES;
				CLANG_WARN_OBJC_ROOT_CLASS = YES_ERROR;
				CLANG_WARN_SUSPICIOUS_MOVE = YES;
				CLANG_WARN_UNREACHABLE_CODE = YES;
				CLANG_WARN__DUPLICATE_METHOD_MATCH = YES;
				COPY_PHASE_STRIP = NO;
				ENABLE_STRICT_OBJC_MSGSEND = YES;
				ENABLE_TESTABILITY = YES;
				GCC_C_LANGUAGE_STANDARD = gnu99;
				GCC_DYNAMIC_NO_PIC = NO;
				GCC_NO_COMMON_BLOCKS = YES;
				GCC_OPTIMIZATION_LEVEL = 0;
				GCC_PREPROCESSOR_DEFINITIONS = (
					"DEBUG=1",
					"$(inherited)",
				);
				GCC_SYMBOLS_PRIVATE_EXTERN = NO;
				GCC_WARN_64_TO_32_BIT_CONVERSION = YES;
				GCC_WARN_ABOUT_RETURN_TYPE = YES_ERROR;
				GCC_WARN_UNDECLARED_SELECTOR = YES;
				GCC_WARN_UNINITIALIZED_AUTOS = YES_AGGRESSIVE;
				GCC_WARN_UNUSED_FUNCTION = YES;
				GCC_WARN_UNUSED_VARIABLE = YES;
				IPHONEOS_DEPLOYMENT_TARGET = 8.0;
				MTL_ENABLE_DEBUG_INFO = YES;
				ONLY_ACTIVE_ARCH = YES;
				SDKROOT = iphoneos;
				SWIFT_VERSION = 2.3;
			};
			name = Debug;
		};
		72E1F6D01A275A0A00F2DB7F /* Release */ = {
			isa = XCBuildConfiguration;
			buildSettings = {
				ALWAYS_SEARCH_USER_PATHS = NO;
				CLANG_CXX_LANGUAGE_STANDARD = "gnu++0x";
				CLANG_CXX_LIBRARY = "libc++";
				CLANG_ENABLE_MODULES = YES;
				CLANG_ENABLE_OBJC_ARC = YES;
				CLANG_WARN_BOOL_CONVERSION = YES;
				CLANG_WARN_CONSTANT_CONVERSION = YES;
				CLANG_WARN_DIRECT_OBJC_ISA_USAGE = YES_ERROR;
				CLANG_WARN_EMPTY_BODY = YES;
				CLANG_WARN_ENUM_CONVERSION = YES;
				CLANG_WARN_INFINITE_RECURSION = YES;
				CLANG_WARN_INT_CONVERSION = YES;
				CLANG_WARN_OBJC_IMPLICIT_RETAIN_SELF = YES;
				CLANG_WARN_OBJC_ROOT_CLASS = YES_ERROR;
				CLANG_WARN_SUSPICIOUS_MOVE = YES;
				CLANG_WARN_UNREACHABLE_CODE = YES;
				CLANG_WARN__DUPLICATE_METHOD_MATCH = YES;
				COPY_PHASE_STRIP = YES;
				ENABLE_NS_ASSERTIONS = NO;
				ENABLE_STRICT_OBJC_MSGSEND = YES;
				GCC_C_LANGUAGE_STANDARD = gnu99;
				GCC_NO_COMMON_BLOCKS = YES;
				GCC_WARN_64_TO_32_BIT_CONVERSION = YES;
				GCC_WARN_ABOUT_RETURN_TYPE = YES_ERROR;
				GCC_WARN_UNDECLARED_SELECTOR = YES;
				GCC_WARN_UNINITIALIZED_AUTOS = YES_AGGRESSIVE;
				GCC_WARN_UNUSED_FUNCTION = YES;
				GCC_WARN_UNUSED_VARIABLE = YES;
				IPHONEOS_DEPLOYMENT_TARGET = 8.0;
				MTL_ENABLE_DEBUG_INFO = NO;
				SDKROOT = iphoneos;
				SWIFT_OPTIMIZATION_LEVEL = "-Owholemodule";
				SWIFT_VERSION = 2.3;
				VALIDATE_PRODUCT = YES;
			};
			name = Release;
		};
/* End XCBuildConfiguration section */

/* Begin XCConfigurationList section */
		2F5829131DF4A54C0033C3D4 /* Build configuration list for PBXNativeTarget "JustPromisesSwift_iOS" */ = {
			isa = XCConfigurationList;
			buildConfigurations = (
				2F5829141DF4A54C0033C3D4 /* Debug */,
				2F5829151DF4A54C0033C3D4 /* Release */,
			);
			defaultConfigurationIsVisible = 0;
			defaultConfigurationName = Release;
		};
		2F5829161DF4A54C0033C3D4 /* Build configuration list for PBXNativeTarget "JustPromisesSwift_iOSTests" */ = {
			isa = XCConfigurationList;
			buildConfigurations = (
				2F5829171DF4A54C0033C3D4 /* Debug */,
				2F5829181DF4A54C0033C3D4 /* Release */,
			);
			defaultConfigurationIsVisible = 0;
			defaultConfigurationName = Release;
		};
		2F5829231DF4A58D0033C3D4 /* Build configuration list for PBXNativeTarget "JustPromisesSwift_watchOS" */ = {
			isa = XCConfigurationList;
			buildConfigurations = (
				2F5829241DF4A58D0033C3D4 /* Debug */,
				2F5829251DF4A58D0033C3D4 /* Release */,
			);
			defaultConfigurationIsVisible = 0;
			defaultConfigurationName = Release;
		};
		2F58293C1DF4A5CF0033C3D4 /* Build configuration list for PBXNativeTarget "JustPromisesSwift_tvOS" */ = {
			isa = XCConfigurationList;
			buildConfigurations = (
				2F58293D1DF4A5CF0033C3D4 /* Debug */,
				2F58293E1DF4A5CF0033C3D4 /* Release */,
			);
			defaultConfigurationIsVisible = 0;
			defaultConfigurationName = Release;
		};
		2F58293F1DF4A5CF0033C3D4 /* Build configuration list for PBXNativeTarget "JustPromisesSwift_tvOSTests" */ = {
			isa = XCConfigurationList;
			buildConfigurations = (
				2F5829401DF4A5CF0033C3D4 /* Debug */,
				2F5829411DF4A5CF0033C3D4 /* Release */,
			);
			defaultConfigurationIsVisible = 0;
			defaultConfigurationName = Release;
		};
		2F5829581DF4A6040033C3D4 /* Build configuration list for PBXNativeTarget "JustPromisesSwift_macOS" */ = {
			isa = XCConfigurationList;
			buildConfigurations = (
				2F5829591DF4A6040033C3D4 /* Debug */,
				2F58295A1DF4A6040033C3D4 /* Release */,
			);
			defaultConfigurationIsVisible = 0;
			defaultConfigurationName = Release;
		};
		2F58295B1DF4A6040033C3D4 /* Build configuration list for PBXNativeTarget "JustPromisesSwift_macOSTests" */ = {
			isa = XCConfigurationList;
			buildConfigurations = (
				2F58295C1DF4A6040033C3D4 /* Debug */,
				2F58295D1DF4A6040033C3D4 /* Release */,
			);
			defaultConfigurationIsVisible = 0;
			defaultConfigurationName = Release;
		};
		4F74B0D21B47CD0300595442 /* Build configuration list for PBXNativeTarget "JustPromisesDEMO" */ = {
			isa = XCConfigurationList;
			buildConfigurations = (
				4F74B0CE1B47CD0300595442 /* Debug */,
				4F74B0CF1B47CD0300595442 /* Release */,
			);
			defaultConfigurationIsVisible = 0;
			defaultConfigurationName = Release;
		};
		4FBCFFF51B46DC9F007BD426 /* Build configuration list for PBXNativeTarget "JustPromises" */ = {
			isa = XCConfigurationList;
			buildConfigurations = (
				4FBCFFF61B46DC9F007BD426 /* Debug */,
				4FBCFFF71B46DC9F007BD426 /* Release */,
			);
			defaultConfigurationIsVisible = 0;
			defaultConfigurationName = Release;
		};
		4FBCFFF91B46DC9F007BD426 /* Build configuration list for PBXNativeTarget "JustPromisesTests" */ = {
			isa = XCConfigurationList;
			buildConfigurations = (
				4FBCFFFA1B46DC9F007BD426 /* Debug */,
				4FBCFFFB1B46DC9F007BD426 /* Release */,
			);
			defaultConfigurationIsVisible = 0;
			defaultConfigurationName = Release;
		};
		72E1F6B81A275A0A00F2DB7F /* Build configuration list for PBXProject "JustPromises" */ = {
			isa = XCConfigurationList;
			buildConfigurations = (
				72E1F6CF1A275A0A00F2DB7F /* Debug */,
				72E1F6D01A275A0A00F2DB7F /* Release */,
			);
			defaultConfigurationIsVisible = 0;
			defaultConfigurationName = Release;
		};
/* End XCConfigurationList section */
	};
	rootObject = 72E1F6B51A275A0A00F2DB7F /* Project object */;
}
